
Microsoft Visual Studio Solution File, Format Version 12.00
# Visual Studio Version 16
VisualStudioVersion = 25.0.1706.8
MinimumVisualStudioVersion = 10.0.40219.1
Project("{FAE04EC0-301F-11D3-BF4B-00C04F79EFBC}") = "MagicVilla_VillaAPI", "MagicVilla_VillaAPI.csproj", "{ED75D881-DF44-44B0-AD26-A55081453A8D}"
EndProject
Global
	GlobalSection(SolutionConfigurationPlatforms) = preSolution
		Debug|Any CPU = Debug|Any CPU
		Release|Any CPU = Release|Any CPU
	EndGlobalSection
	GlobalSection(ProjectConfigurationPlatforms) = postSolution
		{ED75D881-DF44-44B0-AD26-A55081453A8D}.Debug|Any CPU.ActiveCfg = Debug|Any CPU
		{ED75D881-DF44-44B0-AD26-A55081453A8D}.Debug|Any CPU.Build.0 = Debug|Any CPU
		{ED75D881-DF44-44B0-AD26-A55081453A8D}.Release|Any CPU.ActiveCfg = Release|Any CPU
		{ED75D881-DF44-44B0-AD26-A55081453A8D}.Release|Any CPU.Build.0 = Release|Any CPU
	EndGlobalSection
	GlobalSection(SolutionProperties) = preSolution
		HideSolutionNode = FALSE
	EndGlobalSection
	GlobalSection(ExtensibilityGlobals) = postSolution
		SolutionGuid = {CE5D2C7E-F88B-4F75-9912-238536C06FD3}
	EndGlobalSection
EndGlobal
